# THIS IS AN AUTOGENERATED FILE. DO NOT EDIT THIS FILE DIRECTLY.
# yarn lockfile v1


"@types/node@^12.12.14":
  version "12.12.16"
  resolved "https://registry.yarnpkg.com/@types/node/-/node-12.12.16.tgz#3ebcbd7bf978fa4c5120fee8be57083271a8b3ac"
  integrity sha512-vRuMyoOr5yfNf8QWxXegOjeyjpWJxFePzHzmBOIzDIzo+rSqF94RW0PkS6y4T2+VjAWLXHWrfbIJY3E3aS7lUw==
